
Microsoft Visual Studio Solution File, Format Version 12.00
# Visual Studio Version 16
VisualStudioVersion = 16.0.30413.136
MinimumVisualStudioVersion = 10.0.40219.1
Project("{FAE04EC0-301F-11D3-BF4B-00C04F79EFBC}") = "DictonaryEdition", "DictonaryEdition\DictonaryEdition.csproj", "{D25FA8B9-BEFE-4E78-BC1D-4EEEC47177CB}"
EndProject
Global
	GlobalSection(SolutionConfigurationPlatforms) = preSolution
		Debug|Any CPU = Debug|Any CPU
		Release|Any CPU = Release|Any CPU
	EndGlobalSection
	GlobalSection(ProjectConfigurationPlatforms) = postSolution
		{D25FA8B9-BEFE-4E78-BC1D-4EEEC47177CB}.Debug|Any CPU.ActiveCfg = Debug|Any CPU
		{D25FA8B9-BEFE-4E78-BC1D-4EEEC47177CB}.Debug|Any CPU.Build.0 = Debug|Any CPU
		{D25FA8B9-BEFE-4E78-BC1D-4EEEC47177CB}.Release|Any CPU.ActiveCfg = Release|Any CPU
		{D25FA8B9-BEFE-4E78-BC1D-4EEEC47177CB}.Release|Any CPU.Build.0 = Release|Any CPU
	EndGlobalSection
	GlobalSection(SolutionProperties) = preSolution
		HideSolutionNode = FALSE
	EndGlobalSection
	GlobalSection(ExtensibilityGlobals) = postSolution
		SolutionGuid = {7CF6C151-7242-4272-BDD6-DD2A82BCF958}
	EndGlobalSection
EndGlobal
